// !$*UTF8*$!
{
	archiveVersion = 1;
	classes = {
	};
	objectVersion = 77;
	objects = {

/* Begin PBXBuildFile section */
		E44D29BD2FA4FF8B000053A0 /* LlamaSwift in Frameworks */ = {isa = PBXBuildFile; productRef = E44D29BC2FA4FF8B000053A0 /* LlamaSwift */; };
		E44D29BF2FA500FB000053A0 /* LlamaSwift in Frameworks */ = {isa = PBXBuildFile; productRef = E44D29BE2FA500FB000053A0 /* LlamaSwift */; };
		E4AF1D582F9E758F007BF297 /* LlamaSwift in Frameworks */ = {isa = PBXBuildFile; productRef = E4AF1D572F9E758F007BF297 /* LlamaSwift */; };
/* End PBXBuildFile section */

/* Begin PBXContainerItemProxy section */
		E43EBE4F2EF23C7400FFE61A /* PBXContainerItemProxy */ = {
			isa = PBXContainerItemProxy;
			containerPortal = E43EBE372EF23C7200FFE61A /* Project object */;
			proxyType = 1;
			remoteGlobalIDString = E43EBE3E2EF23C7200FFE61A;
			remoteInfo = localLLM;
		};
		E43EBE592EF23C7400FFE61A /* PBXContainerItemProxy */ = {
			isa = PBXContainerItemProxy;
			containerPortal = E43EBE372EF23C7200FFE61A /* Project object */;
			proxyType = 1;
			remoteGlobalIDString = E43EBE3E2EF23C7200FFE61A;
			remoteInfo = localLLM;
		};
/* End PBXContainerItemProxy section */

/* Begin PBXFileReference section */
		E43EBE3F2EF23C7200FFE61A /* localLLM.app */ = {isa = PBXFileReference; explicitFileType = wrapper.application; includeInIndex = 0; path = localLLM.app; sourceTree = BUILT_PRODUCTS_DIR; };
		E43EBE4E2EF23C7400FFE61A /* localLLMTests.xctest */ = {isa = PBXFileReference; explicitFileType = wrapper.cfbundle; includeInIndex = 0; path = localLLMTests.xctest; sourceTree = BUILT_PRODUCTS_DIR; };
		E43EBE582EF23C7400FFE61A /* localLLMUITests.xctest */ = {isa = PBXFileReference; explicitFileType = wrapper.cfbundle; includeInIndex = 0; path = localLLMUITests.xctest; sourceTree = BUILT_PRODUCTS_DIR; };
/* End PBXFileReference section */

/* Begin PBXFileSystemSynchronizedBuildFileExceptionSet section */
		E4AF1D5A2F9E7617007BF297 /* Exceptions for "localLLM" folder in "localLLM" target */ = {
			isa = PBXFileSystemSynchronizedBuildFileExceptionSet;
			membershipExceptions = (
				Info.plist,
			);
			target = E43EBE3E2EF23C7200FFE61A /* localLLM */;
		};
/* End PBXFileSystemSynchronizedBuildFileExceptionSet section */

/* Begin PBXFileSystemSynchronizedRootGroup section */
		E43EBE412EF23C7200FFE61A /* localLLM */ = {
			isa = PBXFileSystemSynchronizedRootGroup;
			exceptions = (
				E4AF1D5A2F9E7617007BF297 /* Exceptions for "localLLM" folder in "localLLM" target */,
			);
			path = localLLM;
			sourceTree = "<group>";
		};
/* End PBXFileSystemSynchronizedRootGroup section */

/* Begin PBXFrameworksBuildPhase section */
		E43EBE3C2EF23C7200FFE61A /* Frameworks */ = {
			isa = PBXFrameworksBuildPhase;
			buildActionMask = 2147483647;
			files = (
				E4AF1D582F9E758F007BF297 /* LlamaSwift in Frameworks */,
			);
			runOnlyForDeploymentPostprocessing = 0;
		};
		E43EBE4B2EF23C7400FFE61A /* Frameworks */ = {
			isa = PBXFrameworksBuildPhase;
			buildActionMask = 2147483647;
			files = (
				E44D29BD2FA4FF8B000053A0 /* LlamaSwift in Frameworks */,
			);
			runOnlyForDeploymentPostprocessing = 0;
		};
		E43EBE552EF23C7400FFE61A /* Frameworks */ = {
			isa = PBXFrameworksBuildPhase;
			buildActionMask = 2147483647;
			files = (
				E44D29BF2FA500FB000053A0 /* LlamaSwift in Frameworks */,
			);
			runOnlyForDeploymentPostprocessing = 0;
		};
/* End PBXFrameworksBuildPhase section */

/* Begin PBXGroup section */
		E43EBE362EF23C7200FFE61A = {
			isa = PBXGroup;
			children = (
				E43EBE412EF23C7200FFE61A /* localLLM */,
				E4AF1D562F9E758F007BF297 /* Frameworks */,
				E43EBE402EF23C7200FFE61A /* Products */,
			);
			sourceTree = "<group>";
		};
		E43EBE402EF23C7200FFE61A /* Products */ = {
			isa = PBXGroup;
			children = (
				E43EBE3F2EF23C7200FFE61A /* localLLM.app */,
				E43EBE4E2EF23C7400FFE61A /* localLLMTests.xctest */,
				E43EBE582EF23C7400FFE61A /* localLLMUITests.xctest */,
			);
			name = Products;
			sourceTree = "<group>";
		};
		E4AF1D562F9E758F007BF297 /* Frameworks */ = {
			isa = PBXGroup;
			children = (
			);
			name = Frameworks;
			sourceTree = "<group>";
		};
/* End PBXGroup section */

/* Begin PBXNativeTarget section */
		E43EBE3E2EF23C7200FFE61A /* localLLM */ = {
			isa = PBXNativeTarget;
			buildConfigurationList = E43EBE622EF23C7400FFE61A /* Build configuration list for PBXNativeTarget "localLLM" */;
			buildPhases = (
				E43EBE3B2EF23C7200FFE61A /* Sources */,
				E43EBE3C2EF23C7200FFE61A /* Frameworks */,
				E43EBE3D2EF23C7200FFE61A /* Resources */,
			);
			buildRules = (
			);
			dependencies = (
			);
			fileSystemSynchronizedGroups = (
				E43EBE412EF23C7200FFE61A /* localLLM */,
			);
			name = localLLM;
			packageProductDependencies = (
				E4AF1D572F9E758F007BF297 /* LlamaSwift */,
			);
			productName = localLLM;
			productReference = E43EBE3F2EF23C7200FFE61A /* localLLM.app */;
			productType = "com.apple.product-type.application";
		};
		E43EBE4D2EF23C7400FFE61A /* localLLMTests */ = {
			isa = PBXNativeTarget;
			buildConfigurationList = E43EBE652EF23C7400FFE61A /* Build configuration list for PBXNativeTarget "localLLMTests" */;
			buildPhases = (
				E43EBE4A2EF23C7400FFE61A /* Sources */,
				E43EBE4B2EF23C7400FFE61A /* Frameworks */,
				E43EBE4C2EF23C7400FFE61A /* Resources */,
			);
			buildRules = (
			);
			dependencies = (
				E43EBE502EF23C7400FFE61A /* PBXTargetDependency */,
			);
			name = localLLMTests;
			packageProductDependencies = (
				E44D29BC2FA4FF8B000053A0 /* LlamaSwift */,
			);
			productName = localLLMTests;
			productReference = E43EBE4E2EF23C7400FFE61A /* localLLMTests.xctest */;
			productType = "com.apple.product-type.bundle.unit-test";
		};
		E43EBE572EF23C7400FFE61A /* localLLMUITests */ = {
			isa = PBXNativeTarget;
			buildConfigurationList = E43EBE682EF23C7400FFE61A /* Build configuration list for PBXNativeTarget "localLLMUITests" */;
			buildPhases = (
				E43EBE542EF23C7400FFE61A /* Sources */,
				E43EBE552EF23C7400FFE61A /* Frameworks */,
				E43EBE562EF23C7400FFE61A /* Resources */,
			);
			buildRules = (
			);
			dependencies = (
				E43EBE5A2EF23C7400FFE61A /* PBXTargetDependency */,
			);
			name = localLLMUITests;
			packageProductDependencies = (
				E44D29BE2FA500FB000053A0 /* LlamaSwift */,
			);
			productName = localLLMUITests;
			productReference = E43EBE582EF23C7400FFE61A /* localLLMUITests.xctest */;
			productType = "com.apple.product-type.bundle.ui-testing";
		};
/* End PBXNativeTarget section */

/* Begin PBXProject section */
		E43EBE372EF23C7200FFE61A /* Project object */ = {
			isa = PBXProject;
			attributes = {
				BuildIndependentTargetsInParallel = 1;
				LastSwiftUpdateCheck = 2620;
				LastUpgradeCheck = 2620;
				TargetAttributes = {
					E43EBE3E2EF23C7200FFE61A = {
						CreatedOnToolsVersion = 26.2;
					};
					E43EBE4D2EF23C7400FFE61A = {
						CreatedOnToolsVersion = 26.2;
						TestTargetID = E43EBE3E2EF23C7200FFE61A;
					};
					E43EBE572EF23C7400FFE61A = {
						CreatedOnToolsVersion = 26.2;
						TestTargetID = E43EBE3E2EF23C7200FFE61A;
					};
				};
			};
			buildConfigurationList = E43EBE3A2EF23C7200FFE61A /* Build configuration list for PBXProject "localLLM" */;
			developmentRegion = en;
			hasScannedForEncodings = 0;
			knownRegions = (
				en,
				Base,
			);
			mainGroup = E43EBE362EF23C7200FFE61A;
			minimizedProjectReferenceProxies = 1;
			packageReferences = (
				E4AF1D552F9E6F32007BF297 /* XCRemoteSwiftPackageReference "llama" */,
			);
			preferredProjectObjectVersion = 77;
			productRefGroup = E43EBE402EF23C7200FFE61A /* Products */;
			projectDirPath = "";
			projectRoot = "";
			targets = (
				E43EBE3E2EF23C7200FFE61A /* localLLM */,
				E43EBE4D2EF23C7400FFE61A /* localLLMTests */,
				E43EBE572EF23C7400FFE61A /* localLLMUITests */,
			);
		};
/* End PBXProject section */

/* Begin PBXResourcesBuildPhase section */
		E43EBE3D2EF23C7200FFE61A /* Resources */ = {
			isa = PBXResourcesBuildPhase;
			buildActionMask = 2147483647;
			files = (
			);
			runOnlyForDeploymentPostprocessing = 0;
		};
		E43EBE4C2EF23C7400FFE61A /* Resources */ = {
			isa = PBXResourcesBuildPhase;
			buildActionMask = 2147483647;
			files = (
			);
			runOnlyForDeploymentPostprocessing = 0;
		};
		E43EBE562EF23C7400FFE61A /* Resources */ = {
			isa = PBXResourcesBuildPhase;
			buildActionMask = 2147483647;
			files = (
			);
			runOnlyForDeploymentPostprocessing = 0;
		};
/* End PBXResourcesBuildPhase section */

/* Begin PBXSourcesBuildPhase section */
		E43EBE3B2EF23C7200FFE61A /* Sources */ = {
			isa = PBXSourcesBuildPhase;
			buildActionMask = 2147483647;
			files = (
			);
			runOnlyForDeploymentPostprocessing = 0;
		};
		E43EBE4A2EF23C7400FFE61A /* Sources */ = {
			isa = PBXSourcesBuildPhase;
			buildActionMask = 2147483647;
			files = (
			);
			runOnlyForDeploymentPostprocessing = 0;
		};
		E43EBE542EF23C7400FFE61A /* Sources */ = {
			isa = PBXSourcesBuildPhase;
			buildActionMask = 2147483647;
			files = (
			);
			runOnlyForDeploymentPostprocessing = 0;
		};
/* End PBXSourcesBuildPhase section */

/* Begin PBXTargetDependency section */
		E43EBE502EF23C7400FFE61A /* PBXTargetDependency */ = {
			isa = PBXTargetDependency;
			target = E43EBE3E2EF23C7200FFE61A /* localLLM */;
			targetProxy = E43EBE4F2EF23C7400FFE61A /* PBXContainerItemProxy */;
		};
		E43EBE5A2EF23C7400FFE61A /* PBXTargetDependency */ = {
			isa = PBXTargetDependency;
			target = E43EBE3E2EF23C7200FFE61A /* localLLM */;
			targetProxy = E43EBE592EF23C7400FFE61A /* PBXContainerItemProxy */;
		};
/* End PBXTargetDependency section */

/* Begin XCBuildConfiguration section */
		E43EBE602EF23C7400FFE61A /* Debug */ = {
			isa = XCBuildConfiguration;
			buildSettings = {
				ALWAYS_SEARCH_USER_PATHS = NO;
				ASSETCATALOG_COMPILER_GENERATE_SWIFT_ASSET_SYMBOL_EXTENSIONS = YES;
				CLANG_ANALYZER_NONNULL = YES;
				CLANG_ANALYZER_NUMBER_OBJECT_CONVERSION = YES_AGGRESSIVE;
				CLANG_CXX_LANGUAGE_STANDARD = "gnu++20";
				CLANG_ENABLE_MODULES = YES;
				CLANG_ENABLE_OBJC_ARC = YES;
				CLANG_ENABLE_OBJC_WEAK = YES;
				CLANG_WARN_BLOCK_CAPTURE_AUTORELEASING = YES;
				CLANG_WARN_BOOL_CONVERSION = YES;
				CLANG_WARN_COMMA = YES;
				CLANG_WARN_CONSTANT_CONVERSION = YES;
				CLANG_WARN_DEPRECATED_OBJC_IMPLEMENTATIONS = YES;
				CLANG_WARN_DIRECT_OBJC_ISA_USAGE = YES_ERROR;
				CLANG_WARN_DOCUMENTATION_COMMENTS = YES;
				CLANG_WARN_EMPTY_BODY = YES;
				CLANG_WARN_ENUM_CONVERSION = YES;
				CLANG_WARN_INFINITE_RECURSION = YES;
				CLANG_WARN_INT_CONVERSION = YES;
				CLANG_WARN_NON_LITERAL_NULL_CONVERSION = YES;
				CLANG_WARN_OBJC_IMPLICIT_RETAIN_SELF = YES;
				CLANG_WARN_OBJC_LITERAL_CONVERSION = YES;
				CLANG_WARN_OBJC_ROOT_CLASS = YES_ERROR;
				CLANG_WARN_QUOTED_INCLUDE_IN_FRAMEWORK_HEADER = YES;
				CLANG_WARN_RANGE_LOOP_ANALYSIS = YES;
				CLANG_WARN_STRICT_PROTOTYPES = YES;
				CLANG_WARN_SUSPICIOUS_MOVE = YES;
				CLANG_WARN_UNGUARDED_AVAILABILITY = YES_AGGRESSIVE;
				CLANG_WARN_UNREACHABLE_CODE = YES;
				CLANG_WARN__DUPLICATE_METHOD_MATCH = YES;
				COPY_PHASE_STRIP = NO;
				DEBUG_INFORMATION_FORMAT = dwarf;
				DEVELOPMENT_TEAM = 838ASYRYR5;
				ENABLE_STRICT_OBJC_MSGSEND = YES;
				ENABLE_TESTABILITY = YES;
				ENABLE_USER_SCRIPT_SANDBOXING = YES;
				GCC_C_LANGUAGE_STANDARD = gnu17;
				GCC_DYNAMIC_NO_PIC = NO;
				GCC_NO_COMMON_BLOCKS = YES;
				GCC_OPTIMIZATION_LEVEL = 0;
				GCC_PREPROCESSOR_DEFINITIONS = (
					"DEBUG=1",
					"$(inherited)",
				);
				GCC_WARN_64_TO_32_BIT_CONVERSION = YES;
				GCC_WARN_ABOUT_RETURN_TYPE = YES_ERROR;
				GCC_WARN_UNDECLARED_SELECTOR = YES;
				GCC_WARN_UNINITIALIZED_AUTOS = YES_AGGRESSIVE;
				GCC_WARN_UNUSED_FUNCTION = YES;
				GCC_WARN_UNUSED_VARIABLE = YES;
				IPHONEOS_DEPLOYMENT_TARGET = 26.2;
				LOCALIZATION_PREFERS_STRING_CATALOGS = YES;
				MTL_ENABLE_DEBUG_INFO = INCLUDE_SOURCE;
				MTL_FAST_MATH = YES;
				ONLY_ACTIVE_ARCH = YES;
				SDKROOT = iphoneos;
				SWIFT_ACTIVE_COMPILATION_CONDITIONS = "DEBUG $(inherited)";
				SWIFT_OPTIMIZATION_LEVEL = "-Onone";
			};
			name = Debug;
		};
		E43EBE612EF23C7400FFE61A /* Release */ = {
			isa = XCBuildConfiguration;
			buildSettings = {
				ALWAYS_SEARCH_USER_PATHS = NO;
				ASSETCATALOG_COMPILER_GENERATE_SWIFT_ASSET_SYMBOL_EXTENSIONS = YES;
				CLANG_ANALYZER_NONNULL = YES;
				CLANG_ANALYZER_NUMBER_OBJECT_CONVERSION = YES_AGGRESSIVE;
				CLANG_CXX_LANGUAGE_STANDARD = "gnu++20";
				CLANG_ENABLE_MODULES = YES;
				CLANG_ENABLE_OBJC_ARC = YES;
				CLANG_ENABLE_OBJC_WEAK = YES;
				CLANG_WARN_BLOCK_CAPTURE_AUTORELEASING = YES;
				CLANG_WARN_BOOL_CONVERSION = YES;
				CLANG_WARN_COMMA = YES;
				CLANG_WARN_CONSTANT_CONVERSION = YES;
				CLANG_WARN_DEPRECATED_OBJC_IMPLEMENTATIONS = YES;
				CLANG_WARN_DIRECT_OBJC_ISA_USAGE = YES_ERROR;
				CLANG_WARN_DOCUMENTATION_COMMENTS = YES;
				CLANG_WARN_EMPTY_BODY = YES;
				CLANG_WARN_ENUM_CONVERSION = YES;
				CLANG_WARN_INFINITE_RECURSION = YES;
				CLANG_WARN_INT_CONVERSION = YES;
				CLANG_WARN_NON_LITERAL_NULL_CONVERSION = YES;
				CLANG_WARN_OBJC_IMPLICIT_RETAIN_SELF = YES;
				CLANG_WARN_OBJC_LITERAL_CONVERSION = YES;
				CLANG_WARN_OBJC_ROOT_CLASS = YES_ERROR;
				CLANG_WARN_QUOTED_INCLUDE_IN_FRAMEWORK_HEADER = YES;
				CLANG_WARN_RANGE_LOOP_ANALYSIS = YES;
				CLANG_WARN_STRICT_PROTOTYPES = YES;
				CLANG_WARN_SUSPICIOUS_MOVE = YES;
				CLANG_WARN_UNGUARDED_AVAILABILITY = YES_AGGRESSIVE;
				CLANG_WARN_UNREACHABLE_CODE = YES;
				CLANG_WARN__DUPLICATE_METHOD_MATCH = YES;
				COPY_PHASE_STRIP = NO;
				DEBUG_INFORMATION_FORMAT = "dwarf-with-dsym";
				DEVELOPMENT_TEAM = 838ASYRYR5;
				ENABLE_NS_ASSERTIONS = NO;
				ENABLE_STRICT_OBJC_MSGSEND = YES;
				ENABLE_USER_SCRIPT_SANDBOXING = YES;
				GCC_C_LANGUAGE_STANDARD = gnu17;
				GCC_NO_COMMON_BLOCKS = YES;
				GCC_WARN_64_TO_32_BIT_CONVERSION = YES;
				GCC_WARN_ABOUT_RETURN_TYPE = YES_ERROR;
				GCC_WARN_UNDECLARED_SELECTOR = YES;
				GCC_WARN_UNINITIALIZED_AUTOS = YES_AGGRESSIVE;
				GCC_WARN_UNUSED_FUNCTION = YES;
				GCC_WARN_UNUSED_VARIABLE = YES;
				IPHONEOS_DEPLOYMENT_TARGET = 26.2;
				LOCALIZATION_PREFERS_STRING_CATALOGS = YES;
				MTL_ENABLE_DEBUG_INFO = NO;
				MTL_FAST_MATH = YES;
				SDKROOT = iphoneos;
				SWIFT_COMPILATION_MODE = wholemodule;
				VALIDATE_PRODUCT = YES;
			};
			name = Release;
		};
		E43EBE632EF23C7400FFE61A /* Debug */ = {
			isa = XCBuildConfiguration;
			buildSettings = {
				ASSETCATALOG_COMPILER_APPICON_NAME = AppIcon;
				ASSETCATALOG_COMPILER_GLOBAL_ACCENT_COLOR_NAME = AccentColor;
				"CODE_SIGN_ENTITLEMENTS[sdk=*]" = localLLM/localLLM.entitlements;
				CODE_SIGN_IDENTITY = "Apple Development";
				CODE_SIGN_STYLE = Automatic;
				CURRENT_PROJECT_VERSION = 1;
				DEVELOPMENT_TEAM = 838ASYRYR5;
				ENABLE_PREVIEWS = YES;
				GENERATE_INFOPLIST_FILE = YES;
				INFOPLIST_FILE = localLLM/Info.plist;
				INFOPLIST_KEY_CFBundleDisplayName = "Priv AI";
				INFOPLIST_KEY_NSHealthClinicalHealthRecordsShareUsageDescription = "LocalLLM reads your health data to provide AI-powered health insights. All processing happens on your device.";
				INFOPLIST_KEY_NSHealthShareUsageDescription = "LocalLLM reads your health data to provide AI-powered health insights. All processing happens on your device.";
				INFOPLIST_KEY_NSLocalNetworkUsageDescription = "LocalLLM connects to Ollama on your local network for AI inference with larger models.";
				INFOPLIST_KEY_NSMicrophoneUsageDescription = "LocalLLM uses the microphone to record audio for on-device transcription.";
				INFOPLIST_KEY_NSPhotoLibraryUsageDescription = "LocalLLM needs access to your photos to analyze images with AI. All processing happens on your device.";
				INFOPLIST_KEY_NSSpeechRecognitionUsageDescription = "LocalLLM uses on-device speech recognition to transcribe your audio recordings.";
				INFOPLIST_KEY_UIApplicationSceneManifest_Generation = YES;
				INFOPLIST_KEY_UIApplicationSupportsIndirectInputEvents = YES;
				INFOPLIST_KEY_UILaunchScreen_Generation = YES;
				INFOPLIST_KEY_UISupportedInterfaceOrientations = UIInterfaceOrientationPortrait;
				INFOPLIST_KEY_UISupportedInterfaceOrientations_iPad = "UIInterfaceOrientationLandscapeLeft UIInterfaceOrientationLandscapeRight UIInterfaceOrientationPortrait UIInterfaceOrientationPortraitUpsideDown";
				IPHONEOS_DEPLOYMENT_TARGET = 17.0;
				LD_RUNPATH_SEARCH_PATHS = (
					"$(inherited)",
					"@executable_path/Frameworks",
				);
				MARKETING_VERSION = 1.0;
				PRODUCT_BUNDLE_IDENTIFIER = com.monishsoundarraj.PrivAI;
				PRODUCT_NAME = "$(TARGET_NAME)";
				PROVISIONING_PROFILE_SPECIFIER = "";
				STRING_CATALOG_GENERATE_SYMBOLS = YES;
				SUPPORTED_PLATFORMS = "iphoneos iphonesimulator";
				SUPPORTS_MACCATALYST = NO;
				SUPPORTS_MAC_DESIGNED_FOR_IPHONE_IPAD = NO;
				SUPPORTS_XR_DESIGNED_FOR_IPHONE_IPAD = NO;
				SWIFT_APPROACHABLE_CONCURRENCY = YES;
				SWIFT_DEFAULT_ACTOR_ISOLATION = MainActor;
				SWIFT_EMIT_LOC_STRINGS = YES;
				SWIFT_UPCOMING_FEATURE_MEMBER_IMPORT_VISIBILITY = YES;
				SWIFT_VERSION = 5.0;
				TARGETED_DEVICE_FAMILY = 1;
			};
			name = Debug;
		};
		E43EBE642EF23C7400FFE61A /* Release */ = {
			isa = XCBuildConfiguration;
			buildSettings = {
				ASSETCATALOG_COMPILER_APPICON_NAME = AppIcon;
				ASSETCATALOG_COMPILER_GLOBAL_ACCENT_COLOR_NAME = AccentColor;
				"CODE_SIGN_ENTITLEMENTS[sdk=*]" = localLLM/localLLM.entitlements;
				CODE_SIGN_IDENTITY = "Apple Development";
				CODE_SIGN_STYLE = Automatic;
				CURRENT_PROJECT_VERSION = 1;
				DEVELOPMENT_TEAM = 838ASYRYR5;
				ENABLE_PREVIEWS = YES;
				GENERATE_INFOPLIST_FILE = YES;
				INFOPLIST_FILE = localLLM/Info.plist;
				INFOPLIST_KEY_CFBundleDisplayName = "Priv AI";
				INFOPLIST_KEY_NSHealthClinicalHealthRecordsShareUsageDescription = "LocalLLM reads your health data to provide AI-powered health insights. All processing happens on your device.";
				INFOPLIST_KEY_NSHealthShareUsageDescription = "LocalLLM reads your health data to provide AI-powered health insights. All processing happens on your device.";
				INFOPLIST_KEY_NSLocalNetworkUsageDescription = "LocalLLM connects to Ollama on your local network for AI inference with larger models.";
				INFOPLIST_KEY_NSMicrophoneUsageDescription = "LocalLLM uses the microphone to record audio for on-device transcription.";
				INFOPLIST_KEY_NSPhotoLibraryUsageDescription = "LocalLLM needs access to your photos to analyze images with AI. All processing happens on your device.";
				INFOPLIST_KEY_NSSpeechRecognitionUsageDescription = "LocalLLM uses on-device speech recognition to transcribe your audio recordings.";
				INFOPLIST_KEY_UIApplicationSceneManifest_Generation = YES;
				INFOPLIST_KEY_UIApplicationSupportsIndirectInputEvents = YES;
				INFOPLIST_KEY_UILaunchScreen_Generation = YES;
				INFOPLIST_KEY_UISupportedInterfaceOrientations = UIInterfaceOrientationPortrait;
				INFOPLIST_KEY_UISupportedInterfaceOrientations_iPad = "UIInterfaceOrientationLandscapeLeft UIInterfaceOrientationLandscapeRight UIInterfaceOrientationPortrait UIInterfaceOrientationPortraitUpsideDown";
				IPHONEOS_DEPLOYMENT_TARGET = 17.0;
				LD_RUNPATH_SEARCH_PATHS = (
					"$(inherited)",
					"@executable_path/Frameworks",
				);
				MARKETING_VERSION = 1.0;
				PRODUCT_BUNDLE_IDENTIFIER = com.monishsoundarraj.PrivAI;
				PRODUCT_NAME = "$(TARGET_NAME)";
				PROVISIONING_PROFILE_SPECIFIER = "";
				STRING_CATALOG_GENERATE_SYMBOLS = YES;
				SUPPORTED_PLATFORMS = "iphoneos iphonesimulator";
				SUPPORTS_MACCATALYST = NO;
				SUPPORTS_MAC_DESIGNED_FOR_IPHONE_IPAD = NO;
				SUPPORTS_XR_DESIGNED_FOR_IPHONE_IPAD = NO;
				SWIFT_APPROACHABLE_CONCURRENCY = YES;
				SWIFT_DEFAULT_ACTOR_ISOLATION = MainActor;
				SWIFT_EMIT_LOC_STRINGS = YES;
				SWIFT_UPCOMING_FEATURE_MEMBER_IMPORT_VISIBILITY = YES;
				SWIFT_VERSION = 5.0;
				TARGETED_DEVICE_FAMILY = 1;
			};
			name = Release;
		};
		E43EBE662EF23C7400FFE61A /* Debug */ = {
			isa = XCBuildConfiguration;
			buildSettings = {
				BUNDLE_LOADER = "$(TEST_HOST)";
				CODE_SIGN_STYLE = Automatic;
				CURRENT_PROJECT_VERSION = 1;
				DEVELOPMENT_TEAM = 838ASYRYR5;
				GENERATE_INFOPLIST_FILE = YES;
				IPHONEOS_DEPLOYMENT_TARGET = 17.0;
				MARKETING_VERSION = 1.0;
				PRODUCT_BUNDLE_IDENTIFIER = com.monishsoundarraj.localLLMTests;
				PRODUCT_NAME = "$(TARGET_NAME)";
				STRING_CATALOG_GENERATE_SYMBOLS = NO;
				SUPPORTED_PLATFORMS = "iphoneos iphonesimulator";
				SUPPORTS_MACCATALYST = NO;
				SUPPORTS_MAC_DESIGNED_FOR_IPHONE_IPAD = NO;
				SUPPORTS_XR_DESIGNED_FOR_IPHONE_IPAD = NO;
				SWIFT_APPROACHABLE_CONCURRENCY = YES;
				SWIFT_EMIT_LOC_STRINGS = NO;
				SWIFT_UPCOMING_FEATURE_MEMBER_IMPORT_VISIBILITY = YES;
				SWIFT_VERSION = 5.0;
				TARGETED_DEVICE_FAMILY = 1;
				TEST_HOST = "$(BUILT_PRODUCTS_DIR)/localLLM.app/$(BUNDLE_EXECUTABLE_FOLDER_PATH)/localLLM";
			};
			name = Debug;
		};
		E43EBE672EF23C7400FFE61A /* Release */ = {
			isa = XCBuildConfiguration;
			buildSettings = {
				BUNDLE_LOADER = "$(TEST_HOST)";
				CODE_SIGN_STYLE = Automatic;
				CURRENT_PROJECT_VERSION = 1;
				DEVELOPMENT_TEAM = 838ASYRYR5;
				GENERATE_INFOPLIST_FILE = YES;
				IPHONEOS_DEPLOYMENT_TARGET = 17.0;
				MARKETING_VERSION = 1.0;
				PRODUCT_BUNDLE_IDENTIFIER = com.monishsoundarraj.localLLMTests;
				PRODUCT_NAME = "$(TARGET_NAME)";
				STRING_CATALOG_GENERATE_SYMBOLS = NO;
				SUPPORTED_PLATFORMS = "iphoneos iphonesimulator";
				SUPPORTS_MACCATALYST = NO;
				SUPPORTS_MAC_DESIGNED_FOR_IPHONE_IPAD = NO;
				SUPPORTS_XR_DESIGNED_FOR_IPHONE_IPAD = NO;
				SWIFT_APPROACHABLE_CONCURRENCY = YES;
				SWIFT_EMIT_LOC_STRINGS = NO;
				SWIFT_UPCOMING_FEATURE_MEMBER_IMPORT_VISIBILITY = YES;
				SWIFT_VERSION = 5.0;
				TARGETED_DEVICE_FAMILY = 1;
				TEST_HOST = "$(BUILT_PRODUCTS_DIR)/localLLM.app/$(BUNDLE_EXECUTABLE_FOLDER_PATH)/localLLM";
			};
			name = Release;
		};
		E43EBE692EF23C7400FFE61A /* Debug */ = {
			isa = XCBuildConfiguration;
			buildSettings = {
				CODE_SIGN_STYLE = Automatic;
				CURRENT_PROJECT_VERSION = 1;
				DEVELOPMENT_TEAM = 838ASYRYR5;
				GENERATE_INFOPLIST_FILE = YES;
				IPHONEOS_DEPLOYMENT_TARGET = 17.0;
				MARKETING_VERSION = 1.0;
				PRODUCT_BUNDLE_IDENTIFIER = com.monishsoundarraj.localLLMUITests;
				PRODUCT_NAME = "$(TARGET_NAME)";
				STRING_CATALOG_GENERATE_SYMBOLS = NO;
				SUPPORTED_PLATFORMS = "iphoneos iphonesimulator";
				SUPPORTS_MACCATALYST = NO;
				SUPPORTS_MAC_DESIGNED_FOR_IPHONE_IPAD = NO;
				SUPPORTS_XR_DESIGNED_FOR_IPHONE_IPAD = NO;
				SWIFT_APPROACHABLE_CONCURRENCY = YES;
				SWIFT_EMIT_LOC_STRINGS = NO;
				SWIFT_UPCOMING_FEATURE_MEMBER_IMPORT_VISIBILITY = YES;
				SWIFT_VERSION = 5.0;
				TARGETED_DEVICE_FAMILY = 1;
				TEST_TARGET_NAME = localLLM;
			};
			name = Debug;
		};
		E43EBE6A2EF23C7400FFE61A /* Release */ = {
			isa = XCBuildConfiguration;
			buildSettings = {
				CODE_SIGN_STYLE = Automatic;
				CURRENT_PROJECT_VERSION = 1;
				DEVELOPMENT_TEAM = 838ASYRYR5;
				GENERATE_INFOPLIST_FILE = YES;
				IPHONEOS_DEPLOYMENT_TARGET = 17.0;
				MARKETING_VERSION = 1.0;
				PRODUCT_BUNDLE_IDENTIFIER = com.monishsoundarraj.localLLMUITests;
				PRODUCT_NAME = "$(TARGET_NAME)";
				STRING_CATALOG_GENERATE_SYMBOLS = NO;
				SUPPORTED_PLATFORMS = "iphoneos iphonesimulator";
				SUPPORTS_MACCATALYST = NO;
				SUPPORTS_MAC_DESIGNED_FOR_IPHONE_IPAD = NO;
				SUPPORTS_XR_DESIGNED_FOR_IPHONE_IPAD = NO;
				SWIFT_APPROACHABLE_CONCURRENCY = YES;
				SWIFT_EMIT_LOC_STRINGS = NO;
				SWIFT_UPCOMING_FEATURE_MEMBER_IMPORT_VISIBILITY = YES;
				SWIFT_VERSION = 5.0;
				TARGETED_DEVICE_FAMILY = 1;
				TEST_TARGET_NAME = localLLM;
			};
			name = Release;
		};
/* End XCBuildConfiguration section */

/* Begin XCConfigurationList section */
		E43EBE3A2EF23C7200FFE61A /* Build configuration list for PBXProject "localLLM" */ = {
			isa = XCConfigurationList;
			buildConfigurations = (
				E43EBE602EF23C7400FFE61A /* Debug */,
				E43EBE612EF23C7400FFE61A /* Release */,
			);
			defaultConfigurationIsVisible = 0;
			defaultConfigurationName = Release;
		};
		E43EBE622EF23C7400FFE61A /* Build configuration list for PBXNativeTarget "localLLM" */ = {
			isa = XCConfigurationList;
			buildConfigurations = (
				E43EBE632EF23C7400FFE61A /* Debug */,
				E43EBE642EF23C7400FFE61A /* Release */,
			);
			defaultConfigurationIsVisible = 0;
			defaultConfigurationName = Release;
		};
		E43EBE652EF23C7400FFE61A /* Build configuration list for PBXNativeTarget "localLLMTests" */ = {
			isa = XCConfigurationList;
			buildConfigurations = (
				E43EBE662EF23C7400FFE61A /* Debug */,
				E43EBE672EF23C7400FFE61A /* Release */,
			);
			defaultConfigurationIsVisible = 0;
			defaultConfigurationName = Release;
		};
		E43EBE682EF23C7400FFE61A /* Build configuration list for PBXNativeTarget "localLLMUITests" */ = {
			isa = XCConfigurationList;
			buildConfigurations = (
				E43EBE692EF23C7400FFE61A /* Debug */,
				E43EBE6A2EF23C7400FFE61A /* Release */,
			);
			defaultConfigurationIsVisible = 0;
			defaultConfigurationName = Release;
		};
/* End XCConfigurationList section */

/* Begin XCRemoteSwiftPackageReference section */
		E4AF1D552F9E6F32007BF297 /* XCRemoteSwiftPackageReference "llama" */ = {
			isa = XCRemoteSwiftPackageReference;
			repositoryURL = "https://github.com/mattt/llama.swift";
			requirement = {
				kind = upToNextMajorVersion;
				minimumVersion = 2.8940.0;
			};
		};
/* End XCRemoteSwiftPackageReference section */

/* Begin XCSwiftPackageProductDependency section */
		E44D29BC2FA4FF8B000053A0 /* LlamaSwift */ = {
			isa = XCSwiftPackageProductDependency;
			package = E4AF1D552F9E6F32007BF297 /* XCRemoteSwiftPackageReference "llama" */;
			productName = LlamaSwift;
		};
		E44D29BE2FA500FB000053A0 /* LlamaSwift */ = {
			isa = XCSwiftPackageProductDependency;
			package = E4AF1D552F9E6F32007BF297 /* XCRemoteSwiftPackageReference "llama" */;
			productName = LlamaSwift;
		};
		E4AF1D572F9E758F007BF297 /* LlamaSwift */ = {
			isa = XCSwiftPackageProductDependency;
			package = E4AF1D552F9E6F32007BF297 /* XCRemoteSwiftPackageReference "llama" */;
			productName = LlamaSwift;
		};
/* End XCSwiftPackageProductDependency section */
	};
	rootObject = E43EBE372EF23C7200FFE61A /* Project object */;
}
